{
  "object": {
    "pins": [
      {
        "package": "geos",
        "repositoryURL": "https://github.com/GEOSwift/geos.git",
        "state": {
          "branch": "geos-3.9.0-testing",
          "revision": "15c2face95331a1b9c74ab3c465d9414d612a2a4",
          "version": null
        }
      }
    ]
  },
  "version": 1
}
